
Microsoft Visual Studio Solution File, Format Version 12.00
# Visual Studio Version 17
VisualStudioVersion = 17.14.36623.8 d17.14
MinimumVisualStudioVersion = 10.0.40219.1
Project("{2150E333-8FDC-42A3-9474-1A3956D46DE8}") = "Task0", "Task0", "{36D591C7-65C7-A0D1-1CBC-10CDE441BDC8}"
EndProject
Project("{2150E333-8FDC-42A3-9474-1A3956D46DE8}") = "Task1", "Task1", "{EABD3DDB-4627-4817-A213-B78270E41CF4}"
EndProject
Project("{2150E333-8FDC-42A3-9474-1A3956D46DE8}") = "Task2", "Task2", "{B1A47809-D0B7-419B-98E8-54AE00A92FC5}"
EndProject
Project("{2150E333-8FDC-42A3-9474-1A3956D46DE8}") = "Task3", "Task3", "{F6C777BE-B4D6-4A42-8A14-2E5BF43C8834}"
EndProject
Project("{2150E333-8FDC-42A3-9474-1A3956D46DE8}") = "Task4", "Task4", "{80B446D7-9E09-4174-8DA7-D32F13F253DA}"
EndProject
Project("{2150E333-8FDC-42A3-9474-1A3956D46DE8}") = "Task5", "Task5", "{6AAFF865-E5AD-4826-9C48-D97A21F002FB}"
EndProject
Project("{2150E333-8FDC-42A3-9474-1A3956D46DE8}") = "Task6", "Task6", "{82199E75-4578-4DE4-93B0-54B29A6950EC}"
EndProject
Project("{2150E333-8FDC-42A3-9474-1A3956D46DE8}") = "Task7", "Task7", "{1321B523-8FBB-4BA3-AF20-59E5877DA3A0}"
EndProject
Project("{FAE04EC0-301F-11D3-BF4B-00C04F79EFBC}") = "Tyuiu.ZjatkovDV.Sprint4.Task0.V8", "Tyuiu.ZjatkovDV.Sprint4.Task0.V8\Tyuiu.ZjatkovDV.Sprint4.Task0.V8.csproj", "{DB16916D-BF08-4E7D-B8A2-3E260A7A145A}"
EndProject
Project("{FAE04EC0-301F-11D3-BF4B-00C04F79EFBC}") = "Tyuiu.ZjatkovDV.Sprint4.Task0.V8.Lib", "Tyuiu.ZjatkovDV.Sprint4.Task0.V8.Lib\Tyuiu.ZjatkovDV.Sprint4.Task0.V8.Lib.csproj", "{6ABA0EF3-8FD4-488E-AFF2-6F48F25A2F5F}"
EndProject
Project("{FAE04EC0-301F-11D3-BF4B-00C04F79EFBC}") = "Tyuiu.ZjatkovDV.Sprint4.Task0.V8.Test", "Tyuiu.ZjatkovDV.Sprint4.Task0.V8.Test\Tyuiu.ZjatkovDV.Sprint4.Task0.V8.Test.csproj", "{3BA92153-231B-4221-9F8D-1069EFB7FED0}"
EndProject
Project("{FAE04EC0-301F-11D3-BF4B-00C04F79EFBC}") = "Tyuiu.ZjatkovDV.Sprint4.Task1.V19", "Tyuiu.ZjatkovDV.Sprint4.Task1.V19\Tyuiu.ZjatkovDV.Sprint4.Task1.V19.csproj", "{E2999B34-07D8-4B87-97A5-1621A3DE77B0}"
EndProject
Project("{FAE04EC0-301F-11D3-BF4B-00C04F79EFBC}") = "Tyuiu.ZjatkovDV.Sprint4.Task1.V19.Lib", "Tyuiu.ZjatkovDV.Sprint4.Task1.V19.Lib\Tyuiu.ZjatkovDV.Sprint4.Task1.V19.Lib.csproj", "{6F96E719-13E0-40C3-BC60-D95533B5F509}"
EndProject
Project("{FAE04EC0-301F-11D3-BF4B-00C04F79EFBC}") = "Tyuiu.ZjatkovDV.Sprint4.Task1.V19.Test", "Tyuiu.ZjatkovDV.Sprint4.Task1.V19.Test\Tyuiu.ZjatkovDV.Sprint4.Task1.V19.Test.csproj", "{EF679D09-64E6-4EC1-A66B-26F75D1C09D2}"
EndProject
Project("{FAE04EC0-301F-11D3-BF4B-00C04F79EFBC}") = "Tyuiu.ZjatkovDV.Sprint4.Task2.V5", "Tyuiu.ZjatkovDV.Sprint4.Task2.V5\Tyuiu.ZjatkovDV.Sprint4.Task2.V5.csproj", "{9DD20FFA-C24E-4B01-9221-1B43A7C1B172}"
EndProject
Project("{FAE04EC0-301F-11D3-BF4B-00C04F79EFBC}") = "Tyuiu.ZjatkovDV.Sprint4.Task2.V5.Lib", "Tyuiu.ZjatkovDV.Sprint4.Task2.V5.Lib\Tyuiu.ZjatkovDV.Sprint4.Task2.V5.Lib.csproj", "{B5DE442E-37DD-4EC4-A7BC-2310BE87F4B3}"
EndProject
Project("{FAE04EC0-301F-11D3-BF4B-00C04F79EFBC}") = "Tyuiu.ZjatkovDV.Sprint4.Task2.V5.Test", "Tyuiu.ZjatkovDV.Sprint4.Task2.V5.Test\Tyuiu.ZjatkovDV.Sprint4.Task2.V5.Test.csproj", "{6172DEE6-A4F2-4FA4-BA44-E3F5913B3705}"
EndProject
Project("{FAE04EC0-301F-11D3-BF4B-00C04F79EFBC}") = "Tyuiu.ZjatkovDV.Sprint4.Task3.V25", "Tyuiu.ZjatkovDV.Sprint4.Task3.V25\Tyuiu.ZjatkovDV.Sprint4.Task3.V25.csproj", "{CCFDFCEF-9FAE-4C17-B275-991F3885A9FD}"
EndProject
Project("{FAE04EC0-301F-11D3-BF4B-00C04F79EFBC}") = "Tyuiu.ZjatkovDV.Sprint4.Task3.V25.Lib", "Tyuiu.ZjatkovDV.Sprint4.Task3.V25.Lib\Tyuiu.ZjatkovDV.Sprint4.Task3.V25.Lib.csproj", "{7EEAFFE3-006B-4CF8-AAF8-E4269C5F2C8F}"
EndProject
Project("{FAE04EC0-301F-11D3-BF4B-00C04F79EFBC}") = "Tyuiu.ZjatkovDV.Sprint4.Task3.V25.Test", "Tyuiu.ZjatkovDV.Sprint4.Task3.V25.Test\Tyuiu.ZjatkovDV.Sprint4.Task3.V25.Test.csproj", "{732EF95D-2162-4BCF-A68C-26468A7F6E0F}"
EndProject
Project("{FAE04EC0-301F-11D3-BF4B-00C04F79EFBC}") = "Tyuiu.ZjatkovDV.Sprint4.Task4.V8", "Tyuiu.ZjatkovDV.Sprint4.Task4.V8\Tyuiu.ZjatkovDV.Sprint4.Task4.V8.csproj", "{1FA6FBBD-EF72-4736-8512-E6D2AB8573FC}"
EndProject
Project("{FAE04EC0-301F-11D3-BF4B-00C04F79EFBC}") = "Tyuiu.ZjatkovDV.Sprint4.Task4.V8.Lib", "Tyuiu.ZjatkovDV.Sprint4.Task4.V8.Lib\Tyuiu.ZjatkovDV.Sprint4.Task4.V8.Lib.csproj", "{D17BCE5A-5701-4F09-ADD4-EC44FCE69448}"
EndProject
Project("{FAE04EC0-301F-11D3-BF4B-00C04F79EFBC}") = "Tyuiu.ZjatkovDV.Sprint4.Task4.V8.Test", "Tyuiu.ZjatkovDV.Sprint4.Task4.V8.Test\Tyuiu.ZjatkovDV.Sprint4.Task4.V8.Test.csproj", "{223B875A-7FD0-4AD6-9FBB-3A42AC542CDD}"
EndProject
Project("{FAE04EC0-301F-11D3-BF4B-00C04F79EFBC}") = "Tyuiu.ZjatkovDV.Sprint4.Task5.V23", "Tyuiu.ZjatkovDV.Sprint4.Task5.V23\Tyuiu.ZjatkovDV.Sprint4.Task5.V23.csproj", "{CBE4D861-2D57-4A7B-BC0E-AF21AB083E11}"
EndProject
Project("{FAE04EC0-301F-11D3-BF4B-00C04F79EFBC}") = "Tyuiu.ZjatkovDV.Sprint4.Task5.V23.Lib", "Tyuiu.ZjatkovDV.Sprint4.Task5.V23.Lib\Tyuiu.ZjatkovDV.Sprint4.Task5.V23.Lib.csproj", "{E60A4545-C45E-4FB4-8910-739D78681007}"
EndProject
Project("{FAE04EC0-301F-11D3-BF4B-00C04F79EFBC}") = "Tyuiu.ZjatkovDV.Sprint4.Task5.V23.Test", "Tyuiu.ZjatkovDV.Sprint4.Task5.V23.Test\Tyuiu.ZjatkovDV.Sprint4.Task5.V23.Test.csproj", "{032544B9-57C2-4894-B53A-C16B8EEC04CC}"
EndProject
Project("{FAE04EC0-301F-11D3-BF4B-00C04F79EFBC}") = "Tyuiu.ZjatkovDV.Sprint4.Task6.V16", "Tyuiu.ZjatkovDV.Sprint4.Task6.V16\Tyuiu.ZjatkovDV.Sprint4.Task6.V16.csproj", "{38370CBD-932F-4705-8C18-E3DE61B723B3}"
EndProject
Project("{FAE04EC0-301F-11D3-BF4B-00C04F79EFBC}") = "Tyuiu.ZjatkovDV.Sprint4.Task6.V16.Lib", "Tyuiu.ZjatkovDV.Sprint4.Task6.V16.Lib\Tyuiu.ZjatkovDV.Sprint4.Task6.V16.Lib.csproj", "{2DCC3EFB-72E0-4D02-BECC-28691BE26E30}"
EndProject
Project("{FAE04EC0-301F-11D3-BF4B-00C04F79EFBC}") = "Tyuiu.ZjatkovDV.Sprint4.Task6.V16.Test", "Tyuiu.ZjatkovDV.Sprint4.Task6.V16.Test\Tyuiu.ZjatkovDV.Sprint4.Task6.V16.Test.csproj", "{F86221F8-AF37-4530-9026-991C27E56475}"
EndProject
Project("{FAE04EC0-301F-11D3-BF4B-00C04F79EFBC}") = "Tyuiu.ZjatkovDV.Sprint4.Task7.V17", "Tyuiu.ZjatkovDV.Sprint4.Task7.V17\Tyuiu.ZjatkovDV.Sprint4.Task7.V17.csproj", "{64D0BA9D-91EA-442D-92DF-1D1543EA1C96}"
EndProject
Project("{FAE04EC0-301F-11D3-BF4B-00C04F79EFBC}") = "Tyuiu.ZjatkovDV.Sprint4.Task7.V17.Lib", "Tyuiu.ZjatkovDV.Sprint4.Task7.V17.Lib\Tyuiu.ZjatkovDV.Sprint4.Task7.V17.Lib.csproj", "{BF28A507-57A7-40C9-AE8A-78BDCB34F03A}"
EndProject
Project("{FAE04EC0-301F-11D3-BF4B-00C04F79EFBC}") = "Tyuiu.ZjatkovDV.Sprint4.Task7.V17.Test", "Tyuiu.ZjatkovDV.Sprint4.Task7.V17.Test\Tyuiu.ZjatkovDV.Sprint4.Task7.V17.Test.csproj", "{8C27F408-9C91-4B6B-B6B3-CB8B5CDF2D57}"
EndProject
Global
	GlobalSection(SolutionConfigurationPlatforms) = preSolution
		Debug|Any CPU = Debug|Any CPU
		Release|Any CPU = Release|Any CPU
	EndGlobalSection
	GlobalSection(ProjectConfigurationPlatforms) = postSolution
		{DB16916D-BF08-4E7D-B8A2-3E260A7A145A}.Debug|Any CPU.ActiveCfg = Debug|Any CPU
		{DB16916D-BF08-4E7D-B8A2-3E260A7A145A}.Debug|Any CPU.Build.0 = Debug|Any CPU
		{DB16916D-BF08-4E7D-B8A2-3E260A7A145A}.Release|Any CPU.ActiveCfg = Release|Any CPU
		{DB16916D-BF08-4E7D-B8A2-3E260A7A145A}.Release|Any CPU.Build.0 = Release|Any CPU
		{6ABA0EF3-8FD4-488E-AFF2-6F48F25A2F5F}.Debug|Any CPU.ActiveCfg = Debug|Any CPU
		{6ABA0EF3-8FD4-488E-AFF2-6F48F25A2F5F}.Debug|Any CPU.Build.0 = Debug|Any CPU
		{6ABA0EF3-8FD4-488E-AFF2-6F48F25A2F5F}.Release|Any CPU.ActiveCfg = Release|Any CPU
		{6ABA0EF3-8FD4-488E-AFF2-6F48F25A2F5F}.Release|Any CPU.Build.0 = Release|Any CPU
		{3BA92153-231B-4221-9F8D-1069EFB7FED0}.Debug|Any CPU.ActiveCfg = Debug|Any CPU
		{3BA92153-231B-4221-9F8D-1069EFB7FED0}.Debug|Any CPU.Build.0 = Debug|Any CPU
		{3BA92153-231B-4221-9F8D-1069EFB7FED0}.Release|Any CPU.ActiveCfg = Release|Any CPU
		{3BA92153-231B-4221-9F8D-1069EFB7FED0}.Release|Any CPU.Build.0 = Release|Any CPU
		{E2999B34-07D8-4B87-97A5-1621A3DE77B0}.Debug|Any CPU.ActiveCfg = Debug|Any CPU
		{E2999B34-07D8-4B87-97A5-1621A3DE77B0}.Debug|Any CPU.Build.0 = Debug|Any CPU
		{E2999B34-07D8-4B87-97A5-1621A3DE77B0}.Release|Any CPU.ActiveCfg = Release|Any CPU
		{E2999B34-07D8-4B87-97A5-1621A3DE77B0}.Release|Any CPU.Build.0 = Release|Any CPU
		{6F96E719-13E0-40C3-BC60-D95533B5F509}.Debug|Any CPU.ActiveCfg = Debug|Any CPU
		{6F96E719-13E0-40C3-BC60-D95533B5F509}.Debug|Any CPU.Build.0 = Debug|Any CPU
		{6F96E719-13E0-40C3-BC60-D95533B5F509}.Release|Any CPU.ActiveCfg = Release|Any CPU
		{6F96E719-13E0-40C3-BC60-D95533B5F509}.Release|Any CPU.Build.0 = Release|Any CPU
		{EF679D09-64E6-4EC1-A66B-26F75D1C09D2}.Debug|Any CPU.ActiveCfg = Debug|Any CPU
		{EF679D09-64E6-4EC1-A66B-26F75D1C09D2}.Debug|Any CPU.Build.0 = Debug|Any CPU
		{EF679D09-64E6-4EC1-A66B-26F75D1C09D2}.Release|Any CPU.ActiveCfg = Release|Any CPU
		{EF679D09-64E6-4EC1-A66B-26F75D1C09D2}.Release|Any CPU.Build.0 = Release|Any CPU
		{9DD20FFA-C24E-4B01-9221-1B43A7C1B172}.Debug|Any CPU.ActiveCfg = Debug|Any CPU
		{9DD20FFA-C24E-4B01-9221-1B43A7C1B172}.Debug|Any CPU.Build.0 = Debug|Any CPU
		{9DD20FFA-C24E-4B01-9221-1B43A7C1B172}.Release|Any CPU.ActiveCfg = Release|Any CPU
		{9DD20FFA-C24E-4B01-9221-1B43A7C1B172}.Release|Any CPU.Build.0 = Release|Any CPU
		{B5DE442E-37DD-4EC4-A7BC-2310BE87F4B3}.Debug|Any CPU.ActiveCfg = Debug|Any CPU
		{B5DE442E-37DD-4EC4-A7BC-2310BE87F4B3}.Debug|Any CPU.Build.0 = Debug|Any CPU
		{B5DE442E-37DD-4EC4-A7BC-2310BE87F4B3}.Release|Any CPU.ActiveCfg = Release|Any CPU
		{B5DE442E-37DD-4EC4-A7BC-2310BE87F4B3}.Release|Any CPU.Build.0 = Release|Any CPU
		{6172DEE6-A4F2-4FA4-BA44-E3F5913B3705}.Debug|Any CPU.ActiveCfg = Debug|Any CPU
		{6172DEE6-A4F2-4FA4-BA44-E3F5913B3705}.Debug|Any CPU.Build.0 = Debug|Any CPU
		{6172DEE6-A4F2-4FA4-BA44-E3F5913B3705}.Release|Any CPU.ActiveCfg = Release|Any CPU
		{6172DEE6-A4F2-4FA4-BA44-E3F5913B3705}.Release|Any CPU.Build.0 = Release|Any CPU
		{CCFDFCEF-9FAE-4C17-B275-991F3885A9FD}.Debug|Any CPU.ActiveCfg = Debug|Any CPU
		{CCFDFCEF-9FAE-4C17-B275-991F3885A9FD}.Debug|Any CPU.Build.0 = Debug|Any CPU
		{CCFDFCEF-9FAE-4C17-B275-991F3885A9FD}.Release|Any CPU.ActiveCfg = Release|Any CPU
		{CCFDFCEF-9FAE-4C17-B275-991F3885A9FD}.Release|Any CPU.Build.0 = Release|Any CPU
		{7EEAFFE3-006B-4CF8-AAF8-E4269C5F2C8F}.Debug|Any CPU.ActiveCfg = Debug|Any CPU
		{7EEAFFE3-006B-4CF8-AAF8-E4269C5F2C8F}.Debug|Any CPU.Build.0 = Debug|Any CPU
		{7EEAFFE3-006B-4CF8-AAF8-E4269C5F2C8F}.Release|Any CPU.ActiveCfg = Release|Any CPU
		{7EEAFFE3-006B-4CF8-AAF8-E4269C5F2C8F}.Release|Any CPU.Build.0 = Release|Any CPU
		{732EF95D-2162-4BCF-A68C-26468A7F6E0F}.Debug|Any CPU.ActiveCfg = Debug|Any CPU
		{732EF95D-2162-4BCF-A68C-26468A7F6E0F}.Debug|Any CPU.Build.0 = Debug|Any CPU
		{732EF95D-2162-4BCF-A68C-26468A7F6E0F}.Release|Any CPU.ActiveCfg = Release|Any CPU
		{732EF95D-2162-4BCF-A68C-26468A7F6E0F}.Release|Any CPU.Build.0 = Release|Any CPU
		{1FA6FBBD-EF72-4736-8512-E6D2AB8573FC}.Debug|Any CPU.ActiveCfg = Debug|Any CPU
		{1FA6FBBD-EF72-4736-8512-E6D2AB8573FC}.Debug|Any CPU.Build.0 = Debug|Any CPU
		{1FA6FBBD-EF72-4736-8512-E6D2AB8573FC}.Release|Any CPU.ActiveCfg = Release|Any CPU
		{1FA6FBBD-EF72-4736-8512-E6D2AB8573FC}.Release|Any CPU.Build.0 = Release|Any CPU
		{D17BCE5A-5701-4F09-ADD4-EC44FCE69448}.Debug|Any CPU.ActiveCfg = Debug|Any CPU
		{D17BCE5A-5701-4F09-ADD4-EC44FCE69448}.Debug|Any CPU.Build.0 = Debug|Any CPU
		{D17BCE5A-5701-4F09-ADD4-EC44FCE69448}.Release|Any CPU.ActiveCfg = Release|Any CPU
		{D17BCE5A-5701-4F09-ADD4-EC44FCE69448}.Release|Any CPU.Build.0 = Release|Any CPU
		{223B875A-7FD0-4AD6-9FBB-3A42AC542CDD}.Debug|Any CPU.ActiveCfg = Debug|Any CPU
		{223B875A-7FD0-4AD6-9FBB-3A42AC542CDD}.Debug|Any CPU.Build.0 = Debug|Any CPU
		{223B875A-7FD0-4AD6-9FBB-3A42AC542CDD}.Release|Any CPU.ActiveCfg = Release|Any CPU
		{223B875A-7FD0-4AD6-9FBB-3A42AC542CDD}.Release|Any CPU.Build.0 = Release|Any CPU
		{CBE4D861-2D57-4A7B-BC0E-AF21AB083E11}.Debug|Any CPU.ActiveCfg = Debug|Any CPU
		{CBE4D861-2D57-4A7B-BC0E-AF21AB083E11}.Debug|Any CPU.Build.0 = Debug|Any CPU
		{CBE4D861-2D57-4A7B-BC0E-AF21AB083E11}.Release|Any CPU.ActiveCfg = Release|Any CPU
		{CBE4D861-2D57-4A7B-BC0E-AF21AB083E11}.Release|Any CPU.Build.0 = Release|Any CPU
		{E60A4545-C45E-4FB4-8910-739D78681007}.Debug|Any CPU.ActiveCfg = Debug|Any CPU
		{E60A4545-C45E-4FB4-8910-739D78681007}.Debug|Any CPU.Build.0 = Debug|Any CPU
		{E60A4545-C45E-4FB4-8910-739D78681007}.Release|Any CPU.ActiveCfg = Release|Any CPU
		{E60A4545-C45E-4FB4-8910-739D78681007}.Release|Any CPU.Build.0 = Release|Any CPU
		{032544B9-57C2-4894-B53A-C16B8EEC04CC}.Debug|Any CPU.ActiveCfg = Debug|Any CPU
		{032544B9-57C2-4894-B53A-C16B8EEC04CC}.Debug|Any CPU.Build.0 = Debug|Any CPU
		{032544B9-57C2-4894-B53A-C16B8EEC04CC}.Release|Any CPU.ActiveCfg = Release|Any CPU
		{032544B9-57C2-4894-B53A-C16B8EEC04CC}.Release|Any CPU.Build.0 = Release|Any CPU
		{38370CBD-932F-4705-8C18-E3DE61B723B3}.Debug|Any CPU.ActiveCfg = Debug|Any CPU
		{38370CBD-932F-4705-8C18-E3DE61B723B3}.Debug|Any CPU.Build.0 = Debug|Any CPU
		{38370CBD-932F-4705-8C18-E3DE61B723B3}.Release|Any CPU.ActiveCfg = Release|Any CPU
		{38370CBD-932F-4705-8C18-E3DE61B723B3}.Release|Any CPU.Build.0 = Release|Any CPU
		{2DCC3EFB-72E0-4D02-BECC-28691BE26E30}.Debug|Any CPU.ActiveCfg = Debug|Any CPU
		{2DCC3EFB-72E0-4D02-BECC-28691BE26E30}.Debug|Any CPU.Build.0 = Debug|Any CPU
		{2DCC3EFB-72E0-4D02-BECC-28691BE26E30}.Release|Any CPU.ActiveCfg = Release|Any CPU
		{2DCC3EFB-72E0-4D02-BECC-28691BE26E30}.Release|Any CPU.Build.0 = Release|Any CPU
		{F86221F8-AF37-4530-9026-991C27E56475}.Debug|Any CPU.ActiveCfg = Debug|Any CPU
		{F86221F8-AF37-4530-9026-991C27E56475}.Debug|Any CPU.Build.0 = Debug|Any CPU
		{F86221F8-AF37-4530-9026-991C27E56475}.Release|Any CPU.ActiveCfg = Release|Any CPU
		{F86221F8-AF37-4530-9026-991C27E56475}.Release|Any CPU.Build.0 = Release|Any CPU
		{64D0BA9D-91EA-442D-92DF-1D1543EA1C96}.Debug|Any CPU.ActiveCfg = Debug|Any CPU
		{64D0BA9D-91EA-442D-92DF-1D1543EA1C96}.Debug|Any CPU.Build.0 = Debug|Any CPU
		{64D0BA9D-91EA-442D-92DF-1D1543EA1C96}.Release|Any CPU.ActiveCfg = Release|Any CPU
		{64D0BA9D-91EA-442D-92DF-1D1543EA1C96}.Release|Any CPU.Build.0 = Release|Any CPU
		{BF28A507-57A7-40C9-AE8A-78BDCB34F03A}.Debug|Any CPU.ActiveCfg = Debug|Any CPU
		{BF28A507-57A7-40C9-AE8A-78BDCB34F03A}.Debug|Any CPU.Build.0 = Debug|Any CPU
		{BF28A507-57A7-40C9-AE8A-78BDCB34F03A}.Release|Any CPU.ActiveCfg = Release|Any CPU
		{BF28A507-57A7-40C9-AE8A-78BDCB34F03A}.Release|Any CPU.Build.0 = Release|Any CPU
		{8C27F408-9C91-4B6B-B6B3-CB8B5CDF2D57}.Debug|Any CPU.ActiveCfg = Debug|Any CPU
		{8C27F408-9C91-4B6B-B6B3-CB8B5CDF2D57}.Debug|Any CPU.Build.0 = Debug|Any CPU
		{8C27F408-9C91-4B6B-B6B3-CB8B5CDF2D57}.Release|Any CPU.ActiveCfg = Release|Any CPU
		{8C27F408-9C91-4B6B-B6B3-CB8B5CDF2D57}.Release|Any CPU.Build.0 = Release|Any CPU
	EndGlobalSection
	GlobalSection(SolutionProperties) = preSolution
		HideSolutionNode = FALSE
	EndGlobalSection
	GlobalSection(NestedProjects) = preSolution
		{DB16916D-BF08-4E7D-B8A2-3E260A7A145A} = {36D591C7-65C7-A0D1-1CBC-10CDE441BDC8}
		{6ABA0EF3-8FD4-488E-AFF2-6F48F25A2F5F} = {36D591C7-65C7-A0D1-1CBC-10CDE441BDC8}
		{3BA92153-231B-4221-9F8D-1069EFB7FED0} = {36D591C7-65C7-A0D1-1CBC-10CDE441BDC8}
		{E2999B34-07D8-4B87-97A5-1621A3DE77B0} = {EABD3DDB-4627-4817-A213-B78270E41CF4}
		{6F96E719-13E0-40C3-BC60-D95533B5F509} = {EABD3DDB-4627-4817-A213-B78270E41CF4}
		{EF679D09-64E6-4EC1-A66B-26F75D1C09D2} = {EABD3DDB-4627-4817-A213-B78270E41CF4}
		{9DD20FFA-C24E-4B01-9221-1B43A7C1B172} = {B1A47809-D0B7-419B-98E8-54AE00A92FC5}
		{B5DE442E-37DD-4EC4-A7BC-2310BE87F4B3} = {B1A47809-D0B7-419B-98E8-54AE00A92FC5}
		{6172DEE6-A4F2-4FA4-BA44-E3F5913B3705} = {B1A47809-D0B7-419B-98E8-54AE00A92FC5}
		{CCFDFCEF-9FAE-4C17-B275-991F3885A9FD} = {F6C777BE-B4D6-4A42-8A14-2E5BF43C8834}
		{7EEAFFE3-006B-4CF8-AAF8-E4269C5F2C8F} = {F6C777BE-B4D6-4A42-8A14-2E5BF43C8834}
		{732EF95D-2162-4BCF-A68C-26468A7F6E0F} = {F6C777BE-B4D6-4A42-8A14-2E5BF43C8834}
		{1FA6FBBD-EF72-4736-8512-E6D2AB8573FC} = {80B446D7-9E09-4174-8DA7-D32F13F253DA}
		{D17BCE5A-5701-4F09-ADD4-EC44FCE69448} = {80B446D7-9E09-4174-8DA7-D32F13F253DA}
		{223B875A-7FD0-4AD6-9FBB-3A42AC542CDD} = {80B446D7-9E09-4174-8DA7-D32F13F253DA}
		{CBE4D861-2D57-4A7B-BC0E-AF21AB083E11} = {6AAFF865-E5AD-4826-9C48-D97A21F002FB}
		{E60A4545-C45E-4FB4-8910-739D78681007} = {6AAFF865-E5AD-4826-9C48-D97A21F002FB}
		{032544B9-57C2-4894-B53A-C16B8EEC04CC} = {6AAFF865-E5AD-4826-9C48-D97A21F002FB}
		{38370CBD-932F-4705-8C18-E3DE61B723B3} = {82199E75-4578-4DE4-93B0-54B29A6950EC}
		{2DCC3EFB-72E0-4D02-BECC-28691BE26E30} = {82199E75-4578-4DE4-93B0-54B29A6950EC}
		{F86221F8-AF37-4530-9026-991C27E56475} = {82199E75-4578-4DE4-93B0-54B29A6950EC}
		{64D0BA9D-91EA-442D-92DF-1D1543EA1C96} = {1321B523-8FBB-4BA3-AF20-59E5877DA3A0}
		{BF28A507-57A7-40C9-AE8A-78BDCB34F03A} = {1321B523-8FBB-4BA3-AF20-59E5877DA3A0}
		{8C27F408-9C91-4B6B-B6B3-CB8B5CDF2D57} = {1321B523-8FBB-4BA3-AF20-59E5877DA3A0}
	EndGlobalSection
	GlobalSection(ExtensibilityGlobals) = postSolution
		SolutionGuid = {BBD4698A-D318-414D-ABE8-D60078AD5092}
	EndGlobalSection
EndGlobal
